// !$*UTF8*$!
{
	archiveVersion = 1;
	classes = {
	};
	objectVersion = 56;
	objects = {

/* Begin PBXBuildFile section */
		B7259D912A01411C005539A9 /* HeadlineTextView.swift in Sources */ = {isa = PBXBuildFile; fileRef = B7259D902A01411C005539A9 /* HeadlineTextView.swift */; };
		B7A49FB029FEE30800114B70 /* FLAnimatedImage in Frameworks */ = {isa = PBXBuildFile; productRef = B7A49FAF29FEE30800114B70 /* FLAnimatedImage */; };
		B7A49FB429FEE92700114B70 /* SettingsViewModel.swift in Sources */ = {isa = PBXBuildFile; fileRef = B7A49FB329FEE92700114B70 /* SettingsViewModel.swift */; };
		B7A49FB629FEF5A800114B70 /* ParticleEffectView.swift in Sources */ = {isa = PBXBuildFile; fileRef = B7A49FB529FEF5A800114B70 /* ParticleEffectView.swift */; };
		B7A49FB829FEF9CC00114B70 /* ParticleView.swift in Sources */ = {isa = PBXBuildFile; fileRef = B7A49FB729FEF9CC00114B70 /* ParticleView.swift */; };
		B7A49FBA29FEFAB000114B70 /* Particle.swift in Sources */ = {isa = PBXBuildFile; fileRef = B7A49FB929FEFAB000114B70 /* Particle.swift */; };
		B7B13EF429FBFDE000F79204 /* MeTubeViewModel.swift in Sources */ = {isa = PBXBuildFile; fileRef = B7B13EF029FBFDE000F79204 /* MeTubeViewModel.swift */; };
		B7B13EF529FBFDE000F79204 /* MeTubeModel.swift in Sources */ = {isa = PBXBuildFile; fileRef = B7B13EF129FBFDE000F79204 /* MeTubeModel.swift */; };
		B7B13EF629FBFDE000F79204 /* Favoriten.xcdatamodeld in Sources */ = {isa = PBXBuildFile; fileRef = B7B13EF229FBFDE000F79204 /* Favoriten.xcdatamodeld */; };
		B7B13EF929FBFDF200F79204 /* SplashView.swift in Sources */ = {isa = PBXBuildFile; fileRef = B7B13EF829FBFDF200F79204 /* SplashView.swift */; };
		B7B13F0529FBFE3400F79204 /* SettingsView.swift in Sources */ = {isa = PBXBuildFile; fileRef = B7B13EFC29FBFE3400F79204 /* SettingsView.swift */; };
		B7B13F0629FBFE3400F79204 /* TitelView.swift in Sources */ = {isa = PBXBuildFile; fileRef = B7B13EFD29FBFE3400F79204 /* TitelView.swift */; };
		B7B13F0729FBFE3400F79204 /* SearchView.swift in Sources */ = {isa = PBXBuildFile; fileRef = B7B13EFE29FBFE3400F79204 /* SearchView.swift */; };
		B7B13F0829FBFE3400F79204 /* CardView.swift in Sources */ = {isa = PBXBuildFile; fileRef = B7B13EFF29FBFE3400F79204 /* CardView.swift */; };
		B7B13F0929FBFE3400F79204 /* ListView.swift in Sources */ = {isa = PBXBuildFile; fileRef = B7B13F0029FBFE3400F79204 /* ListView.swift */; };
		B7B13F0A29FBFE3400F79204 /* PlayerView.swift in Sources */ = {isa = PBXBuildFile; fileRef = B7B13F0129FBFE3400F79204 /* PlayerView.swift */; };
		B7B13F0B29FBFE3400F79204 /* ImageView.swift in Sources */ = {isa = PBXBuildFile; fileRef = B7B13F0229FBFE3400F79204 /* ImageView.swift */; };
		B7B13F0C29FBFE3400F79204 /* FavoritenView.swift in Sources */ = {isa = PBXBuildFile; fileRef = B7B13F0329FBFE3400F79204 /* FavoritenView.swift */; };
		B7B13F0F29FBFEFC00F79204 /* API_KEY.swift in Sources */ = {isa = PBXBuildFile; fileRef = B7B13F0E29FBFEFC00F79204 /* API_KEY.swift */; };
		B7B749922A040AA6009E7C6B /* PlayerAndCommentsView.swift in Sources */ = {isa = PBXBuildFile; fileRef = B7B749912A040AA6009E7C6B /* PlayerAndCommentsView.swift */; };
		B7D5BBB229FBF978001BB3D6 /* MeTubeApp.swift in Sources */ = {isa = PBXBuildFile; fileRef = B7D5BBB129FBF978001BB3D6 /* MeTubeApp.swift */; };
		B7D5BBB629FBF979001BB3D6 /* Assets.xcassets in Resources */ = {isa = PBXBuildFile; fileRef = B7D5BBB529FBF979001BB3D6 /* Assets.xcassets */; };
		B7D5BBB929FBF979001BB3D6 /* Preview Assets.xcassets in Resources */ = {isa = PBXBuildFile; fileRef = B7D5BBB829FBF979001BB3D6 /* Preview Assets.xcassets */; };
		B7D5BBC029FBF9B9001BB3D6 /* MeTubeView.swift in Sources */ = {isa = PBXBuildFile; fileRef = B7D5BBBF29FBF9B9001BB3D6 /* MeTubeView.swift */; };
		B7D5BBC329FBFA1F001BB3D6 /* YouTubePlayerKit in Frameworks */ = {isa = PBXBuildFile; productRef = B7D5BBC229FBFA1F001BB3D6 /* YouTubePlayerKit */; };
		B7D5BBC629FBFA4A001BB3D6 /* GoogleAPIClientForRESTCore in Frameworks */ = {isa = PBXBuildFile; productRef = B7D5BBC529FBFA4A001BB3D6 /* GoogleAPIClientForRESTCore */; };
		B7D5BBC829FBFA4A001BB3D6 /* GoogleAPIClientForREST_YouTube in Frameworks */ = {isa = PBXBuildFile; productRef = B7D5BBC729FBFA4A001BB3D6 /* GoogleAPIClientForREST_YouTube */; };
		B7D5BBCA29FBFA4A001BB3D6 /* GoogleAPIClientForREST_YouTubeAnalytics in Frameworks */ = {isa = PBXBuildFile; productRef = B7D5BBC929FBFA4A001BB3D6 /* GoogleAPIClientForREST_YouTubeAnalytics */; };
		B7D5BBCC29FBFA4A001BB3D6 /* GoogleAPIClientForREST_YouTubeReporting in Frameworks */ = {isa = PBXBuildFile; productRef = B7D5BBCB29FBFA4A001BB3D6 /* GoogleAPIClientForREST_YouTubeReporting */; };
		B7FC94032A00459100C34973 /* SearchTextFieldView.swift in Sources */ = {isa = PBXBuildFile; fileRef = B7FC94022A00459100C34973 /* SearchTextFieldView.swift */; };
/* End PBXBuildFile section */

/* Begin PBXFileReference section */
		B7259D902A01411C005539A9 /* HeadlineTextView.swift */ = {isa = PBXFileReference; lastKnownFileType = sourcecode.swift; path = HeadlineTextView.swift; sourceTree = "<group>"; };
		B7A49FB329FEE92700114B70 /* SettingsViewModel.swift */ = {isa = PBXFileReference; lastKnownFileType = sourcecode.swift; path = SettingsViewModel.swift; sourceTree = "<group>"; };
		B7A49FB529FEF5A800114B70 /* ParticleEffectView.swift */ = {isa = PBXFileReference; lastKnownFileType = sourcecode.swift; path = ParticleEffectView.swift; sourceTree = "<group>"; };
		B7A49FB729FEF9CC00114B70 /* ParticleView.swift */ = {isa = PBXFileReference; lastKnownFileType = sourcecode.swift; path = ParticleView.swift; sourceTree = "<group>"; };
		B7A49FB929FEFAB000114B70 /* Particle.swift */ = {isa = PBXFileReference; lastKnownFileType = sourcecode.swift; path = Particle.swift; sourceTree = "<group>"; };
		B7B13EF029FBFDE000F79204 /* MeTubeViewModel.swift */ = {isa = PBXFileReference; fileEncoding = 4; lastKnownFileType = sourcecode.swift; path = MeTubeViewModel.swift; sourceTree = "<group>"; };
		B7B13EF129FBFDE000F79204 /* MeTubeModel.swift */ = {isa = PBXFileReference; fileEncoding = 4; lastKnownFileType = sourcecode.swift; path = MeTubeModel.swift; sourceTree = "<group>"; };
		B7B13EF329FBFDE000F79204 /* Favoriten.xcdatamodel */ = {isa = PBXFileReference; lastKnownFileType = wrapper.xcdatamodel; path = Favoriten.xcdatamodel; sourceTree = "<group>"; };
		B7B13EF829FBFDF200F79204 /* SplashView.swift */ = {isa = PBXFileReference; fileEncoding = 4; lastKnownFileType = sourcecode.swift; path = SplashView.swift; sourceTree = "<group>"; };
		B7B13EFC29FBFE3400F79204 /* SettingsView.swift */ = {isa = PBXFileReference; fileEncoding = 4; lastKnownFileType = sourcecode.swift; path = SettingsView.swift; sourceTree = "<group>"; };
		B7B13EFD29FBFE3400F79204 /* TitelView.swift */ = {isa = PBXFileReference; fileEncoding = 4; lastKnownFileType = sourcecode.swift; path = TitelView.swift; sourceTree = "<group>"; };
		B7B13EFE29FBFE3400F79204 /* SearchView.swift */ = {isa = PBXFileReference; fileEncoding = 4; lastKnownFileType = sourcecode.swift; path = SearchView.swift; sourceTree = "<group>"; };
		B7B13EFF29FBFE3400F79204 /* CardView.swift */ = {isa = PBXFileReference; fileEncoding = 4; lastKnownFileType = sourcecode.swift; path = CardView.swift; sourceTree = "<group>"; };
		B7B13F0029FBFE3400F79204 /* ListView.swift */ = {isa = PBXFileReference; fileEncoding = 4; lastKnownFileType = sourcecode.swift; path = ListView.swift; sourceTree = "<group>"; };
		B7B13F0129FBFE3400F79204 /* PlayerView.swift */ = {isa = PBXFileReference; fileEncoding = 4; lastKnownFileType = sourcecode.swift; path = PlayerView.swift; sourceTree = "<group>"; };
		B7B13F0229FBFE3400F79204 /* ImageView.swift */ = {isa = PBXFileReference; fileEncoding = 4; lastKnownFileType = sourcecode.swift; path = ImageView.swift; sourceTree = "<group>"; };
		B7B13F0329FBFE3400F79204 /* FavoritenView.swift */ = {isa = PBXFileReference; fileEncoding = 4; lastKnownFileType = sourcecode.swift; path = FavoritenView.swift; sourceTree = "<group>"; };
		B7B13F0E29FBFEFC00F79204 /* API_KEY.swift */ = {isa = PBXFileReference; fileEncoding = 4; lastKnownFileType = sourcecode.swift; path = API_KEY.swift; sourceTree = "<group>"; };
		B7B749912A040AA6009E7C6B /* PlayerAndCommentsView.swift */ = {isa = PBXFileReference; lastKnownFileType = sourcecode.swift; path = PlayerAndCommentsView.swift; sourceTree = "<group>"; };
		B7D5BBAE29FBF978001BB3D6 /* MeTube.app */ = {isa = PBXFileReference; explicitFileType = wrapper.application; includeInIndex = 0; path = MeTube.app; sourceTree = BUILT_PRODUCTS_DIR; };
		B7D5BBB129FBF978001BB3D6 /* MeTubeApp.swift */ = {isa = PBXFileReference; lastKnownFileType = sourcecode.swift; path = MeTubeApp.swift; sourceTree = "<group>"; };
		B7D5BBB529FBF979001BB3D6 /* Assets.xcassets */ = {isa = PBXFileReference; lastKnownFileType = folder.assetcatalog; path = Assets.xcassets; sourceTree = "<group>"; };
		B7D5BBB829FBF979001BB3D6 /* Preview Assets.xcassets */ = {isa = PBXFileReference; lastKnownFileType = folder.assetcatalog; path = "Preview Assets.xcassets"; sourceTree = "<group>"; };
		B7D5BBBF29FBF9B9001BB3D6 /* MeTubeView.swift */ = {isa = PBXFileReference; lastKnownFileType = sourcecode.swift; path = MeTubeView.swift; sourceTree = "<group>"; };
		B7FC94022A00459100C34973 /* SearchTextFieldView.swift */ = {isa = PBXFileReference; lastKnownFileType = sourcecode.swift; path = SearchTextFieldView.swift; sourceTree = "<group>"; };
/* End PBXFileReference section */

/* Begin PBXFrameworksBuildPhase section */
		B7D5BBAB29FBF978001BB3D6 /* Frameworks */ = {
			isa = PBXFrameworksBuildPhase;
			buildActionMask = 2147483647;
			files = (
				B7D5BBC629FBFA4A001BB3D6 /* GoogleAPIClientForRESTCore in Frameworks */,
				B7D5BBC329FBFA1F001BB3D6 /* YouTubePlayerKit in Frameworks */,
				B7D5BBCA29FBFA4A001BB3D6 /* GoogleAPIClientForREST_YouTubeAnalytics in Frameworks */,
				B7A49FB029FEE30800114B70 /* FLAnimatedImage in Frameworks */,
				B7D5BBC829FBFA4A001BB3D6 /* GoogleAPIClientForREST_YouTube in Frameworks */,
				B7D5BBCC29FBFA4A001BB3D6 /* GoogleAPIClientForREST_YouTubeReporting in Frameworks */,
			);
			runOnlyForDeploymentPostprocessing = 0;
		};
/* End PBXFrameworksBuildPhase section */

/* Begin PBXGroup section */
		B7259D962A015150005539A9 /* ListView */ = {
			isa = PBXGroup;
			children = (
				B7B13F0229FBFE3400F79204 /* ImageView.swift */,
				B7B13EFD29FBFE3400F79204 /* TitelView.swift */,
				B7B13EFF29FBFE3400F79204 /* CardView.swift */,
				B7B13F0029FBFE3400F79204 /* ListView.swift */,
			);
			path = ListView;
			sourceTree = "<group>";
		};
		B7980A222A02504900D37AD5 /* PlayerView */ = {
			isa = PBXGroup;
			children = (
				B7B13F0129FBFE3400F79204 /* PlayerView.swift */,
				B7B749912A040AA6009E7C6B /* PlayerAndCommentsView.swift */,
			);
			path = PlayerView;
			sourceTree = "<group>";
		};
		B7980A232A02505A00D37AD5 /* MainView */ = {
			isa = PBXGroup;
			children = (
				B7D5BBB129FBF978001BB3D6 /* MeTubeApp.swift */,
				B7D5BBBF29FBF9B9001BB3D6 /* MeTubeView.swift */,
			);
			path = MainView;
			sourceTree = "<group>";
		};
		B7980A242A02550900D37AD5 /* SearchView */ = {
			isa = PBXGroup;
			children = (
				B7FC94022A00459100C34973 /* SearchTextFieldView.swift */,
				B7B13EFE29FBFE3400F79204 /* SearchView.swift */,
			);
			path = SearchView;
			sourceTree = "<group>";
		};
		B7980A252A027E8D00D37AD5 /* ParticleTabView */ = {
			isa = PBXGroup;
			children = (
				B7A49FB529FEF5A800114B70 /* ParticleEffectView.swift */,
				B7A49FB729FEF9CC00114B70 /* ParticleView.swift */,
				B7A49FB929FEFAB000114B70 /* Particle.swift */,
			);
			path = ParticleTabView;
			sourceTree = "<group>";
		};
		B7980A262A027EF200D37AD5 /* SettingsView */ = {
			isa = PBXGroup;
			children = (
				B7B13EFC29FBFE3400F79204 /* SettingsView.swift */,
			);
			path = SettingsView;
			sourceTree = "<group>";
		};
		B7980A272A027FC200D37AD5 /* FavoritenView */ = {
			isa = PBXGroup;
			children = (
				B7B13F0329FBFE3400F79204 /* FavoritenView.swift */,
			);
			path = FavoritenView;
			sourceTree = "<group>";
		};
		B7B13EEF29FBFDE000F79204 /* Models */ = {
			isa = PBXGroup;
			children = (
				B7B13EF029FBFDE000F79204 /* MeTubeViewModel.swift */,
				B7B13EF129FBFDE000F79204 /* MeTubeModel.swift */,
				B7A49FB329FEE92700114B70 /* SettingsViewModel.swift */,
				B7B13EF229FBFDE000F79204 /* Favoriten.xcdatamodeld */,
			);
			path = Models;
			sourceTree = "<group>";
		};
		B7B13EF729FBFDF200F79204 /* SplashScreen */ = {
			isa = PBXGroup;
			children = (
				B7B13EF829FBFDF200F79204 /* SplashView.swift */,
			);
			path = SplashScreen;
			sourceTree = "<group>";
		};
		B7B13EFA29FBFE3400F79204 /* Views */ = {
			isa = PBXGroup;
			children = (
				B7980A272A027FC200D37AD5 /* FavoritenView */,
				B7980A262A027EF200D37AD5 /* SettingsView */,
				B7980A252A027E8D00D37AD5 /* ParticleTabView */,
				B7980A222A02504900D37AD5 /* PlayerView */,
				B7259D962A015150005539A9 /* ListView */,
				B7980A242A02550900D37AD5 /* SearchView */,
				B7980A232A02505A00D37AD5 /* MainView */,
				B7259D902A01411C005539A9 /* HeadlineTextView.swift */,
			);
			path = Views;
			sourceTree = "<group>";
		};
		B7B13F0D29FBFEFC00F79204 /* Secret */ = {
			isa = PBXGroup;
			children = (
				B7B13F0E29FBFEFC00F79204 /* API_KEY.swift */,
			);
			path = Secret;
			sourceTree = "<group>";
		};
		B7D5BBA529FBF978001BB3D6 = {
			isa = PBXGroup;
			children = (
				B7D5BBB029FBF978001BB3D6 /* MeTube */,
				B7D5BBAF29FBF978001BB3D6 /* Products */,
			);
			sourceTree = "<group>";
		};
		B7D5BBAF29FBF978001BB3D6 /* Products */ = {
			isa = PBXGroup;
			children = (
				B7D5BBAE29FBF978001BB3D6 /* MeTube.app */,
			);
			name = Products;
			sourceTree = "<group>";
		};
		B7D5BBB029FBF978001BB3D6 /* MeTube */ = {
			isa = PBXGroup;
			children = (
				B7B13EF729FBFDF200F79204 /* SplashScreen */,
				B7B13F0D29FBFEFC00F79204 /* Secret */,
				B7B13EEF29FBFDE000F79204 /* Models */,
				B7B13EFA29FBFE3400F79204 /* Views */,
				B7D5BBB529FBF979001BB3D6 /* Assets.xcassets */,
				B7D5BBB729FBF979001BB3D6 /* Preview Content */,
			);
			path = MeTube;
			sourceTree = "<group>";
		};
		B7D5BBB729FBF979001BB3D6 /* Preview Content */ = {
			isa = PBXGroup;
			children = (
				B7D5BBB829FBF979001BB3D6 /* Preview Assets.xcassets */,
			);
			path = "Preview Content";
			sourceTree = "<group>";
		};
/* End PBXGroup section */

/* Begin PBXNativeTarget section */
		B7D5BBAD29FBF978001BB3D6 /* MeTube */ = {
			isa = PBXNativeTarget;
			buildConfigurationList = B7D5BBBC29FBF979001BB3D6 /* Build configuration list for PBXNativeTarget "MeTube" */;
			buildPhases = (
				B7D5BBAA29FBF978001BB3D6 /* Sources */,
				B7D5BBAB29FBF978001BB3D6 /* Frameworks */,
				B7D5BBAC29FBF978001BB3D6 /* Resources */,
			);
			buildRules = (
			);
			dependencies = (
			);
			name = MeTube;
			packageProductDependencies = (
				B7D5BBC229FBFA1F001BB3D6 /* YouTubePlayerKit */,
				B7D5BBC529FBFA4A001BB3D6 /* GoogleAPIClientForRESTCore */,
				B7D5BBC729FBFA4A001BB3D6 /* GoogleAPIClientForREST_YouTube */,
				B7D5BBC929FBFA4A001BB3D6 /* GoogleAPIClientForREST_YouTubeAnalytics */,
				B7D5BBCB29FBFA4A001BB3D6 /* GoogleAPIClientForREST_YouTubeReporting */,
				B7A49FAF29FEE30800114B70 /* FLAnimatedImage */,
			);
			productName = MeTube;
			productReference = B7D5BBAE29FBF978001BB3D6 /* MeTube.app */;
			productType = "com.apple.product-type.application";
		};
/* End PBXNativeTarget section */

/* Begin PBXProject section */
		B7D5BBA629FBF978001BB3D6 /* Project object */ = {
			isa = PBXProject;
			attributes = {
				BuildIndependentTargetsInParallel = 1;
				LastSwiftUpdateCheck = 1430;
				LastUpgradeCheck = 1430;
				TargetAttributes = {
					B7D5BBAD29FBF978001BB3D6 = {
						CreatedOnToolsVersion = 14.3;
					};
				};
			};
			buildConfigurationList = B7D5BBA929FBF978001BB3D6 /* Build configuration list for PBXProject "MeTube" */;
			compatibilityVersion = "Xcode 14.0";
			developmentRegion = en;
			hasScannedForEncodings = 0;
			knownRegions = (
				en,
				Base,
			);
			mainGroup = B7D5BBA529FBF978001BB3D6;
			packageReferences = (
				B7D5BBC129FBFA1F001BB3D6 /* XCRemoteSwiftPackageReference "YouTubePlayerKit" */,
				B7D5BBC429FBFA4A001BB3D6 /* XCRemoteSwiftPackageReference "google-api-objectivec-client-for-rest" */,
				B7A49FAE29FEE30800114B70 /* XCRemoteSwiftPackageReference "FLAnimatedImage" */,
			);
			productRefGroup = B7D5BBAF29FBF978001BB3D6 /* Products */;
			projectDirPath = "";
			projectRoot = "";
			targets = (
				B7D5BBAD29FBF978001BB3D6 /* MeTube */,
			);
		};
/* End PBXProject section */

/* Begin PBXResourcesBuildPhase section */
		B7D5BBAC29FBF978001BB3D6 /* Resources */ = {
			isa = PBXResourcesBuildPhase;
			buildActionMask = 2147483647;
			files = (
				B7D5BBB929FBF979001BB3D6 /* Preview Assets.xcassets in Resources */,
				B7D5BBB629FBF979001BB3D6 /* Assets.xcassets in Resources */,
			);
			runOnlyForDeploymentPostprocessing = 0;
		};
/* End PBXResourcesBuildPhase section */

/* Begin PBXSourcesBuildPhase section */
		B7D5BBAA29FBF978001BB3D6 /* Sources */ = {
			isa = PBXSourcesBuildPhase;
			buildActionMask = 2147483647;
			files = (
				B7B13F0729FBFE3400F79204 /* SearchView.swift in Sources */,
				B7D5BBC029FBF9B9001BB3D6 /* MeTubeView.swift in Sources */,
				B7B13F0529FBFE3400F79204 /* SettingsView.swift in Sources */,
				B7D5BBB229FBF978001BB3D6 /* MeTubeApp.swift in Sources */,
				B7FC94032A00459100C34973 /* SearchTextFieldView.swift in Sources */,
				B7B13F0629FBFE3400F79204 /* TitelView.swift in Sources */,
				B7B13EF629FBFDE000F79204 /* Favoriten.xcdatamodeld in Sources */,
				B7B13EF429FBFDE000F79204 /* MeTubeViewModel.swift in Sources */,
				B7B13F0A29FBFE3400F79204 /* PlayerView.swift in Sources */,
				B7A49FB829FEF9CC00114B70 /* ParticleView.swift in Sources */,
				B7A49FBA29FEFAB000114B70 /* Particle.swift in Sources */,
				B7B749922A040AA6009E7C6B /* PlayerAndCommentsView.swift in Sources */,
				B7A49FB629FEF5A800114B70 /* ParticleEffectView.swift in Sources */,
				B7B13F0929FBFE3400F79204 /* ListView.swift in Sources */,
				B7B13F0F29FBFEFC00F79204 /* API_KEY.swift in Sources */,
				B7259D912A01411C005539A9 /* HeadlineTextView.swift in Sources */,
				B7B13F0C29FBFE3400F79204 /* FavoritenView.swift in Sources */,
				B7B13EF529FBFDE000F79204 /* MeTubeModel.swift in Sources */,
				B7B13F0829FBFE3400F79204 /* CardView.swift in Sources */,
				B7B13F0B29FBFE3400F79204 /* ImageView.swift in Sources */,
				B7B13EF929FBFDF200F79204 /* SplashView.swift in Sources */,
				B7A49FB429FEE92700114B70 /* SettingsViewModel.swift in Sources */,
			);
			runOnlyForDeploymentPostprocessing = 0;
		};
/* End PBXSourcesBuildPhase section */

/* Begin XCBuildConfiguration section */
		B7D5BBBA29FBF979001BB3D6 /* Debug */ = {
			isa = XCBuildConfiguration;
			buildSettings = {
				ALWAYS_SEARCH_USER_PATHS = NO;
				CLANG_ANALYZER_NONNULL = YES;
				CLANG_ANALYZER_NUMBER_OBJECT_CONVERSION = YES_AGGRESSIVE;
				CLANG_CXX_LANGUAGE_STANDARD = "gnu++20";
				CLANG_ENABLE_MODULES = YES;
				CLANG_ENABLE_OBJC_ARC = YES;
				CLANG_ENABLE_OBJC_WEAK = YES;
				CLANG_WARN_BLOCK_CAPTURE_AUTORELEASING = YES;
				CLANG_WARN_BOOL_CONVERSION = YES;
				CLANG_WARN_COMMA = YES;
				CLANG_WARN_CONSTANT_CONVERSION = YES;
				CLANG_WARN_DEPRECATED_OBJC_IMPLEMENTATIONS = YES;
				CLANG_WARN_DIRECT_OBJC_ISA_USAGE = YES_ERROR;
				CLANG_WARN_DOCUMENTATION_COMMENTS = YES;
				CLANG_WARN_EMPTY_BODY = YES;
				CLANG_WARN_ENUM_CONVERSION = YES;
				CLANG_WARN_INFINITE_RECURSION = YES;
				CLANG_WARN_INT_CONVERSION = YES;
				CLANG_WARN_NON_LITERAL_NULL_CONVERSION = YES;
				CLANG_WARN_OBJC_IMPLICIT_RETAIN_SELF = YES;
				CLANG_WARN_OBJC_LITERAL_CONVERSION = YES;
				CLANG_WARN_OBJC_ROOT_CLASS = YES_ERROR;
				CLANG_WARN_QUOTED_INCLUDE_IN_FRAMEWORK_HEADER = YES;
				CLANG_WARN_RANGE_LOOP_ANALYSIS = YES;
				CLANG_WARN_STRICT_PROTOTYPES = YES;
				CLANG_WARN_SUSPICIOUS_MOVE = YES;
				CLANG_WARN_UNGUARDED_AVAILABILITY = YES_AGGRESSIVE;
				CLANG_WARN_UNREACHABLE_CODE = YES;
				CLANG_WARN__DUPLICATE_METHOD_MATCH = YES;
				COPY_PHASE_STRIP = NO;
				DEBUG_INFORMATION_FORMAT = dwarf;
				ENABLE_STRICT_OBJC_MSGSEND = YES;
				ENABLE_TESTABILITY = YES;
				GCC_C_LANGUAGE_STANDARD = gnu11;
				GCC_DYNAMIC_NO_PIC = NO;
				GCC_NO_COMMON_BLOCKS = YES;
				GCC_OPTIMIZATION_LEVEL = 0;
				GCC_PREPROCESSOR_DEFINITIONS = (
					"DEBUG=1",
					"$(inherited)",
				);
				GCC_WARN_64_TO_32_BIT_CONVERSION = YES;
				GCC_WARN_ABOUT_RETURN_TYPE = YES_ERROR;
				GCC_WARN_UNDECLARED_SELECTOR = YES;
				GCC_WARN_UNINITIALIZED_AUTOS = YES_AGGRESSIVE;
				GCC_WARN_UNUSED_FUNCTION = YES;
				GCC_WARN_UNUSED_VARIABLE = YES;
				IPHONEOS_DEPLOYMENT_TARGET = 16.4;
				MTL_ENABLE_DEBUG_INFO = INCLUDE_SOURCE;
				MTL_FAST_MATH = YES;
				ONLY_ACTIVE_ARCH = YES;
				SDKROOT = iphoneos;
				SWIFT_ACTIVE_COMPILATION_CONDITIONS = DEBUG;
				SWIFT_OPTIMIZATION_LEVEL = "-Onone";
			};
			name = Debug;
		};
		B7D5BBBB29FBF979001BB3D6 /* Release */ = {
			isa = XCBuildConfiguration;
			buildSettings = {
				ALWAYS_SEARCH_USER_PATHS = NO;
				CLANG_ANALYZER_NONNULL = YES;
				CLANG_ANALYZER_NUMBER_OBJECT_CONVERSION = YES_AGGRESSIVE;
				CLANG_CXX_LANGUAGE_STANDARD = "gnu++20";
				CLANG_ENABLE_MODULES = YES;
				CLANG_ENABLE_OBJC_ARC = YES;
				CLANG_ENABLE_OBJC_WEAK = YES;
				CLANG_WARN_BLOCK_CAPTURE_AUTORELEASING = YES;
				CLANG_WARN_BOOL_CONVERSION = YES;
				CLANG_WARN_COMMA = YES;
				CLANG_WARN_CONSTANT_CONVERSION = YES;
				CLANG_WARN_DEPRECATED_OBJC_IMPLEMENTATIONS = YES;
				CLANG_WARN_DIRECT_OBJC_ISA_USAGE = YES_ERROR;
				CLANG_WARN_DOCUMENTATION_COMMENTS = YES;
				CLANG_WARN_EMPTY_BODY = YES;
				CLANG_WARN_ENUM_CONVERSION = YES;
				CLANG_WARN_INFINITE_RECURSION = YES;
				CLANG_WARN_INT_CONVERSION = YES;
				CLANG_WARN_NON_LITERAL_NULL_CONVERSION = YES;
				CLANG_WARN_OBJC_IMPLICIT_RETAIN_SELF = YES;
				CLANG_WARN_OBJC_LITERAL_CONVERSION = YES;
				CLANG_WARN_OBJC_ROOT_CLASS = YES_ERROR;
				CLANG_WARN_QUOTED_INCLUDE_IN_FRAMEWORK_HEADER = YES;
				CLANG_WARN_RANGE_LOOP_ANALYSIS = YES;
				CLANG_WARN_STRICT_PROTOTYPES = YES;
				CLANG_WARN_SUSPICIOUS_MOVE = YES;
				CLANG_WARN_UNGUARDED_AVAILABILITY = YES_AGGRESSIVE;
				CLANG_WARN_UNREACHABLE_CODE = YES;
				CLANG_WARN__DUPLICATE_METHOD_MATCH = YES;
				COPY_PHASE_STRIP = NO;
				DEBUG_INFORMATION_FORMAT = "dwarf-with-dsym";
				ENABLE_NS_ASSERTIONS = NO;
				ENABLE_STRICT_OBJC_MSGSEND = YES;
				GCC_C_LANGUAGE_STANDARD = gnu11;
				GCC_NO_COMMON_BLOCKS = YES;
				GCC_WARN_64_TO_32_BIT_CONVERSION = YES;
				GCC_WARN_ABOUT_RETURN_TYPE = YES_ERROR;
				GCC_WARN_UNDECLARED_SELECTOR = YES;
				GCC_WARN_UNINITIALIZED_AUTOS = YES_AGGRESSIVE;
				GCC_WARN_UNUSED_FUNCTION = YES;
				GCC_WARN_UNUSED_VARIABLE = YES;
				IPHONEOS_DEPLOYMENT_TARGET = 16.4;
				MTL_ENABLE_DEBUG_INFO = NO;
				MTL_FAST_MATH = YES;
				SDKROOT = iphoneos;
				SWIFT_COMPILATION_MODE = wholemodule;
				SWIFT_OPTIMIZATION_LEVEL = "-O";
				VALIDATE_PRODUCT = YES;
			};
			name = Release;
		};
		B7D5BBBD29FBF979001BB3D6 /* Debug */ = {
			isa = XCBuildConfiguration;
			buildSettings = {
				ASSETCATALOG_COMPILER_APPICON_NAME = AppIcon;
				ASSETCATALOG_COMPILER_GLOBAL_ACCENT_COLOR_NAME = AccentColor;
				CODE_SIGN_STYLE = Automatic;
				CURRENT_PROJECT_VERSION = 1;
				DEVELOPMENT_ASSET_PATHS = "\"MeTube/Preview Content\"";
				DEVELOPMENT_TEAM = PDRA55AC58;
				ENABLE_PREVIEWS = YES;
				GENERATE_INFOPLIST_FILE = YES;
				INFOPLIST_KEY_UIApplicationSceneManifest_Generation = YES;
				INFOPLIST_KEY_UIApplicationSupportsIndirectInputEvents = YES;
				INFOPLIST_KEY_UILaunchScreen_Generation = YES;
				INFOPLIST_KEY_UISupportedInterfaceOrientations_iPad = "UIInterfaceOrientationPortrait UIInterfaceOrientationPortraitUpsideDown UIInterfaceOrientationLandscapeLeft UIInterfaceOrientationLandscapeRight";
				INFOPLIST_KEY_UISupportedInterfaceOrientations_iPhone = "UIInterfaceOrientationPortrait UIInterfaceOrientationLandscapeLeft UIInterfaceOrientationLandscapeRight";
				LD_RUNPATH_SEARCH_PATHS = (
					"$(inherited)",
					"@executable_path/Frameworks",
				);
				MARKETING_VERSION = 1.0;
				PRODUCT_BUNDLE_IDENTIFIER = MeTube.MeTube;
				PRODUCT_NAME = "$(TARGET_NAME)";
				SWIFT_EMIT_LOC_STRINGS = YES;
				SWIFT_VERSION = 5.0;
				TARGETED_DEVICE_FAMILY = "1,2";
			};
			name = Debug;
		};
		B7D5BBBE29FBF979001BB3D6 /* Release */ = {
			isa = XCBuildConfiguration;
			buildSettings = {
				ASSETCATALOG_COMPILER_APPICON_NAME = AppIcon;
				ASSETCATALOG_COMPILER_GLOBAL_ACCENT_COLOR_NAME = AccentColor;
				CODE_SIGN_STYLE = Automatic;
				CURRENT_PROJECT_VERSION = 1;
				DEVELOPMENT_ASSET_PATHS = "\"MeTube/Preview Content\"";
				DEVELOPMENT_TEAM = PDRA55AC58;
				ENABLE_PREVIEWS = YES;
				GENERATE_INFOPLIST_FILE = YES;
				INFOPLIST_KEY_UIApplicationSceneManifest_Generation = YES;
				INFOPLIST_KEY_UIApplicationSupportsIndirectInputEvents = YES;
				INFOPLIST_KEY_UILaunchScreen_Generation = YES;
				INFOPLIST_KEY_UISupportedInterfaceOrientations_iPad = "UIInterfaceOrientationPortrait UIInterfaceOrientationPortraitUpsideDown UIInterfaceOrientationLandscapeLeft UIInterfaceOrientationLandscapeRight";
				INFOPLIST_KEY_UISupportedInterfaceOrientations_iPhone = "UIInterfaceOrientationPortrait UIInterfaceOrientationLandscapeLeft UIInterfaceOrientationLandscapeRight";
				LD_RUNPATH_SEARCH_PATHS = (
					"$(inherited)",
					"@executable_path/Frameworks",
				);
				MARKETING_VERSION = 1.0;
				PRODUCT_BUNDLE_IDENTIFIER = MeTube.MeTube;
				PRODUCT_NAME = "$(TARGET_NAME)";
				SWIFT_EMIT_LOC_STRINGS = YES;
				SWIFT_VERSION = 5.0;
				TARGETED_DEVICE_FAMILY = "1,2";
			};
			name = Release;
		};
/* End XCBuildConfiguration section */

/* Begin XCConfigurationList section */
		B7D5BBA929FBF978001BB3D6 /* Build configuration list for PBXProject "MeTube" */ = {
			isa = XCConfigurationList;
			buildConfigurations = (
				B7D5BBBA29FBF979001BB3D6 /* Debug */,
				B7D5BBBB29FBF979001BB3D6 /* Release */,
			);
			defaultConfigurationIsVisible = 0;
			defaultConfigurationName = Release;
		};
		B7D5BBBC29FBF979001BB3D6 /* Build configuration list for PBXNativeTarget "MeTube" */ = {
			isa = XCConfigurationList;
			buildConfigurations = (
				B7D5BBBD29FBF979001BB3D6 /* Debug */,
				B7D5BBBE29FBF979001BB3D6 /* Release */,
			);
			defaultConfigurationIsVisible = 0;
			defaultConfigurationName = Release;
		};
/* End XCConfigurationList section */

/* Begin XCRemoteSwiftPackageReference section */
		B7A49FAE29FEE30800114B70 /* XCRemoteSwiftPackageReference "FLAnimatedImage" */ = {
			isa = XCRemoteSwiftPackageReference;
			repositoryURL = "https://github.com/Flipboard/FLAnimatedImage";
			requirement = {
				kind = upToNextMajorVersion;
				minimumVersion = 1.0.0;
			};
		};
		B7D5BBC129FBFA1F001BB3D6 /* XCRemoteSwiftPackageReference "YouTubePlayerKit" */ = {
			isa = XCRemoteSwiftPackageReference;
			repositoryURL = "https://github.com/SvenTiigi/YouTubePlayerKit";
			requirement = {
				kind = upToNextMajorVersion;
				minimumVersion = 1.0.0;
			};
		};
		B7D5BBC429FBFA4A001BB3D6 /* XCRemoteSwiftPackageReference "google-api-objectivec-client-for-rest" */ = {
			isa = XCRemoteSwiftPackageReference;
			repositoryURL = "https://github.com/google/google-api-objectivec-client-for-rest";
			requirement = {
				branch = main;
				kind = branch;
			};
		};
/* End XCRemoteSwiftPackageReference section */

/* Begin XCSwiftPackageProductDependency section */
		B7A49FAF29FEE30800114B70 /* FLAnimatedImage */ = {
			isa = XCSwiftPackageProductDependency;
			package = B7A49FAE29FEE30800114B70 /* XCRemoteSwiftPackageReference "FLAnimatedImage" */;
			productName = FLAnimatedImage;
		};
		B7D5BBC229FBFA1F001BB3D6 /* YouTubePlayerKit */ = {
			isa = XCSwiftPackageProductDependency;
			package = B7D5BBC129FBFA1F001BB3D6 /* XCRemoteSwiftPackageReference "YouTubePlayerKit" */;
			productName = YouTubePlayerKit;
		};
		B7D5BBC529FBFA4A001BB3D6 /* GoogleAPIClientForRESTCore */ = {
			isa = XCSwiftPackageProductDependency;
			package = B7D5BBC429FBFA4A001BB3D6 /* XCRemoteSwiftPackageReference "google-api-objectivec-client-for-rest" */;
			productName = GoogleAPIClientForRESTCore;
		};
		B7D5BBC729FBFA4A001BB3D6 /* GoogleAPIClientForREST_YouTube */ = {
			isa = XCSwiftPackageProductDependency;
			package = B7D5BBC429FBFA4A001BB3D6 /* XCRemoteSwiftPackageReference "google-api-objectivec-client-for-rest" */;
			productName = GoogleAPIClientForREST_YouTube;
		};
		B7D5BBC929FBFA4A001BB3D6 /* GoogleAPIClientForREST_YouTubeAnalytics */ = {
			isa = XCSwiftPackageProductDependency;
			package = B7D5BBC429FBFA4A001BB3D6 /* XCRemoteSwiftPackageReference "google-api-objectivec-client-for-rest" */;
			productName = GoogleAPIClientForREST_YouTubeAnalytics;
		};
		B7D5BBCB29FBFA4A001BB3D6 /* GoogleAPIClientForREST_YouTubeReporting */ = {
			isa = XCSwiftPackageProductDependency;
			package = B7D5BBC429FBFA4A001BB3D6 /* XCRemoteSwiftPackageReference "google-api-objectivec-client-for-rest" */;
			productName = GoogleAPIClientForREST_YouTubeReporting;
		};
/* End XCSwiftPackageProductDependency section */

/* Begin XCVersionGroup section */
		B7B13EF229FBFDE000F79204 /* Favoriten.xcdatamodeld */ = {
			isa = XCVersionGroup;
			children = (
				B7B13EF329FBFDE000F79204 /* Favoriten.xcdatamodel */,
			);
			currentVersion = B7B13EF329FBFDE000F79204 /* Favoriten.xcdatamodel */;
			path = Favoriten.xcdatamodeld;
			sourceTree = "<group>";
			versionGroupType = wrapper.xcdatamodel;
		};
/* End XCVersionGroup section */
	};
	rootObject = B7D5BBA629FBF978001BB3D6 /* Project object */;
}
